
Microsoft Visual Studio Solution File, Format Version 12.00
# Visual Studio Version 17
VisualStudioVersion = 17.5.33414.496
MinimumVisualStudioVersion = 10.0.40219.1
Project("{2150E333-8FDC-42A3-9474-1A3956D46DE8}") = "IdentityServer", "IdentityServer", "{92E665E2-FBE8-4B7F-A293-C211711ABCDA}"
EndProject
Project("{9A19103F-16F7-4668-BE54-9A1E7A4F7556}") = "TradeProject.IdentityServer", "IdentityServer\TradeProject.IdentityServer\TradeProject.IdentityServer.csproj", "{03B665FF-5CDB-47EE-873C-988DF5AF7906}"
EndProject
Project("{2150E333-8FDC-42A3-9474-1A3956D46DE8}") = "Services", "Services", "{58FAA5A9-7CC6-4C8E-98D4-6E529660B856}"
EndProject
Project("{2150E333-8FDC-42A3-9474-1A3956D46DE8}") = "Common", "Common", "{BB4F090F-B788-45C1-BA8C-73318084A4F7}"
EndProject
Project("{2150E333-8FDC-42A3-9474-1A3956D46DE8}") = "Payment", "Payment", "{C28683DF-C457-4600-8489-664FE0271C27}"
EndProject
Project("{2150E333-8FDC-42A3-9474-1A3956D46DE8}") = "Shipping", "Shipping", "{AE91CB26-1FED-42FA-A0FB-D6CE810884A6}"
EndProject
Project("{2150E333-8FDC-42A3-9474-1A3956D46DE8}") = "Customer", "Customer", "{16D37969-B0CC-4E51-A058-A119DF4A67B3}"
EndProject
Project("{2150E333-8FDC-42A3-9474-1A3956D46DE8}") = "Dealer", "Dealer", "{39F210D7-65FA-4039-9B6F-39FDF2832178}"
EndProject
Project("{2150E333-8FDC-42A3-9474-1A3956D46DE8}") = "Cart", "Cart", "{F3BF1825-691F-4BDF-9BF2-2591E8C7E101}"
EndProject
Project("{2150E333-8FDC-42A3-9474-1A3956D46DE8}") = "Files", "Files", "{5F50CFCF-5750-4766-B541-57B99879848B}"
EndProject
Project("{2150E333-8FDC-42A3-9474-1A3956D46DE8}") = "Catalog", "Catalog", "{77E1227D-C9F8-4BDA-A65D-C55D53820FE7}"
EndProject
Project("{2150E333-8FDC-42A3-9474-1A3956D46DE8}") = "Inventory", "Inventory", "{34C4B317-FAC8-4956-A33C-3D0321FD1167}"
EndProject
Project("{2150E333-8FDC-42A3-9474-1A3956D46DE8}") = "Discount", "Discount", "{FBF2C3EE-55EA-4EA5-B73B-53AD26A3988C}"
EndProject
Project("{2150E333-8FDC-42A3-9474-1A3956D46DE8}") = "Notification", "Notification", "{6EAAF45C-C8EC-4E93-817E-05388D21273D}"
EndProject
Project("{2150E333-8FDC-42A3-9474-1A3956D46DE8}") = "Order", "Order", "{9CE079B0-9321-4CC5-90C8-73D577896074}"
EndProject
Project("{9A19103F-16F7-4668-BE54-9A1E7A4F7556}") = "TradeProject.Services.Catalog.Domain", "Services\Catalog\TradeProject.Services.Catalog.Domain\TradeProject.Services.Catalog.Domain.csproj", "{32BE359F-31A2-4AA5-A002-1AEF8C4F8E54}"
EndProject
Project("{9A19103F-16F7-4668-BE54-9A1E7A4F7556}") = "TradeProject.Common.Domain", "Common\TradeProject.Common.Domain\TradeProject.Common.Domain.csproj", "{738AE4EA-2814-42F6-9C38-6D4889E08B65}"
EndProject
Project("{2150E333-8FDC-42A3-9474-1A3956D46DE8}") = "Shared", "Shared", "{81AA7656-0781-44D1-A59F-CD21A5CB0322}"
EndProject
Project("{9A19103F-16F7-4668-BE54-9A1E7A4F7556}") = "TradeProject.Shared", "Shared\TradeProject.Shared\TradeProject.Shared.csproj", "{087A3BA4-34B7-4115-B11F-71587D967B8F}"
EndProject
Project("{2150E333-8FDC-42A3-9474-1A3956D46DE8}") = "Evaluation", "Evaluation", "{46B001F4-04F8-4E29-B71C-BF0CC8F948BB}"
EndProject
Project("{9A19103F-16F7-4668-BE54-9A1E7A4F7556}") = "TradeProject.Services.Catalog.Services.Abstractions", "Services\Catalog\TradeProject.Services.Catalog.Services.Abstractions\TradeProject.Services.Catalog.Services.Abstractions.csproj", "{66E43D14-3452-4A90-BCEB-DA5DE6846BC3}"
EndProject
Project("{9A19103F-16F7-4668-BE54-9A1E7A4F7556}") = "TradeProject.Services.Catalog.Services", "Services\Catalog\TradeProject.Services.Catalog.Services\TradeProject.Services.Catalog.Services.csproj", "{6EEC4A52-4B1E-4EFA-B9CB-8D02A40EDB77}"
EndProject
Project("{9A19103F-16F7-4668-BE54-9A1E7A4F7556}") = "TradeProject.Services.Catalog.Infrastructure", "Services\Catalog\TradeProject.Services.Catalog.Infrastructure\TradeProject.Services.Catalog.Infrastructure.csproj", "{FD995EFD-936B-4ED5-A740-1D92946F7B0C}"
EndProject
Project("{FAE04EC0-301F-11D3-BF4B-00C04F79EFBC}") = "TradeProject.Services.Catalog.Logging", "Services\Catalog\TradeProject.Services.Catalog.Logging\TradeProject.Services.Catalog.Logging.csproj", "{CDF655CE-4EB8-432C-8194-3D9AF34F6E59}"
EndProject
Global
	GlobalSection(SolutionConfigurationPlatforms) = preSolution
		Debug|Any CPU = Debug|Any CPU
		Release|Any CPU = Release|Any CPU
	EndGlobalSection
	GlobalSection(ProjectConfigurationPlatforms) = postSolution
		{03B665FF-5CDB-47EE-873C-988DF5AF7906}.Debug|Any CPU.ActiveCfg = Debug|Any CPU
		{03B665FF-5CDB-47EE-873C-988DF5AF7906}.Debug|Any CPU.Build.0 = Debug|Any CPU
		{03B665FF-5CDB-47EE-873C-988DF5AF7906}.Release|Any CPU.ActiveCfg = Release|Any CPU
		{03B665FF-5CDB-47EE-873C-988DF5AF7906}.Release|Any CPU.Build.0 = Release|Any CPU
		{32BE359F-31A2-4AA5-A002-1AEF8C4F8E54}.Debug|Any CPU.ActiveCfg = Debug|Any CPU
		{32BE359F-31A2-4AA5-A002-1AEF8C4F8E54}.Debug|Any CPU.Build.0 = Debug|Any CPU
		{32BE359F-31A2-4AA5-A002-1AEF8C4F8E54}.Release|Any CPU.ActiveCfg = Release|Any CPU
		{32BE359F-31A2-4AA5-A002-1AEF8C4F8E54}.Release|Any CPU.Build.0 = Release|Any CPU
		{738AE4EA-2814-42F6-9C38-6D4889E08B65}.Debug|Any CPU.ActiveCfg = Debug|Any CPU
		{738AE4EA-2814-42F6-9C38-6D4889E08B65}.Debug|Any CPU.Build.0 = Debug|Any CPU
		{738AE4EA-2814-42F6-9C38-6D4889E08B65}.Release|Any CPU.ActiveCfg = Release|Any CPU
		{738AE4EA-2814-42F6-9C38-6D4889E08B65}.Release|Any CPU.Build.0 = Release|Any CPU
		{087A3BA4-34B7-4115-B11F-71587D967B8F}.Debug|Any CPU.ActiveCfg = Debug|Any CPU
		{087A3BA4-34B7-4115-B11F-71587D967B8F}.Debug|Any CPU.Build.0 = Debug|Any CPU
		{087A3BA4-34B7-4115-B11F-71587D967B8F}.Release|Any CPU.ActiveCfg = Release|Any CPU
		{087A3BA4-34B7-4115-B11F-71587D967B8F}.Release|Any CPU.Build.0 = Release|Any CPU
		{66E43D14-3452-4A90-BCEB-DA5DE6846BC3}.Debug|Any CPU.ActiveCfg = Debug|Any CPU
		{66E43D14-3452-4A90-BCEB-DA5DE6846BC3}.Debug|Any CPU.Build.0 = Debug|Any CPU
		{66E43D14-3452-4A90-BCEB-DA5DE6846BC3}.Release|Any CPU.ActiveCfg = Release|Any CPU
		{66E43D14-3452-4A90-BCEB-DA5DE6846BC3}.Release|Any CPU.Build.0 = Release|Any CPU
		{6EEC4A52-4B1E-4EFA-B9CB-8D02A40EDB77}.Debug|Any CPU.ActiveCfg = Debug|Any CPU
		{6EEC4A52-4B1E-4EFA-B9CB-8D02A40EDB77}.Debug|Any CPU.Build.0 = Debug|Any CPU
		{6EEC4A52-4B1E-4EFA-B9CB-8D02A40EDB77}.Release|Any CPU.ActiveCfg = Release|Any CPU
		{6EEC4A52-4B1E-4EFA-B9CB-8D02A40EDB77}.Release|Any CPU.Build.0 = Release|Any CPU
		{FD995EFD-936B-4ED5-A740-1D92946F7B0C}.Debug|Any CPU.ActiveCfg = Debug|Any CPU
		{FD995EFD-936B-4ED5-A740-1D92946F7B0C}.Debug|Any CPU.Build.0 = Debug|Any CPU
		{FD995EFD-936B-4ED5-A740-1D92946F7B0C}.Release|Any CPU.ActiveCfg = Release|Any CPU
		{FD995EFD-936B-4ED5-A740-1D92946F7B0C}.Release|Any CPU.Build.0 = Release|Any CPU
		{CDF655CE-4EB8-432C-8194-3D9AF34F6E59}.Debug|Any CPU.ActiveCfg = Debug|Any CPU
		{CDF655CE-4EB8-432C-8194-3D9AF34F6E59}.Debug|Any CPU.Build.0 = Debug|Any CPU
		{CDF655CE-4EB8-432C-8194-3D9AF34F6E59}.Release|Any CPU.ActiveCfg = Release|Any CPU
		{CDF655CE-4EB8-432C-8194-3D9AF34F6E59}.Release|Any CPU.Build.0 = Release|Any CPU
	EndGlobalSection
	GlobalSection(SolutionProperties) = preSolution
		HideSolutionNode = FALSE
	EndGlobalSection
	GlobalSection(NestedProjects) = preSolution
		{03B665FF-5CDB-47EE-873C-988DF5AF7906} = {92E665E2-FBE8-4B7F-A293-C211711ABCDA}
		{C28683DF-C457-4600-8489-664FE0271C27} = {58FAA5A9-7CC6-4C8E-98D4-6E529660B856}
		{AE91CB26-1FED-42FA-A0FB-D6CE810884A6} = {58FAA5A9-7CC6-4C8E-98D4-6E529660B856}
		{16D37969-B0CC-4E51-A058-A119DF4A67B3} = {58FAA5A9-7CC6-4C8E-98D4-6E529660B856}
		{39F210D7-65FA-4039-9B6F-39FDF2832178} = {58FAA5A9-7CC6-4C8E-98D4-6E529660B856}
		{F3BF1825-691F-4BDF-9BF2-2591E8C7E101} = {58FAA5A9-7CC6-4C8E-98D4-6E529660B856}
		{5F50CFCF-5750-4766-B541-57B99879848B} = {58FAA5A9-7CC6-4C8E-98D4-6E529660B856}
		{77E1227D-C9F8-4BDA-A65D-C55D53820FE7} = {58FAA5A9-7CC6-4C8E-98D4-6E529660B856}
		{34C4B317-FAC8-4956-A33C-3D0321FD1167} = {58FAA5A9-7CC6-4C8E-98D4-6E529660B856}
		{FBF2C3EE-55EA-4EA5-B73B-53AD26A3988C} = {58FAA5A9-7CC6-4C8E-98D4-6E529660B856}
		{6EAAF45C-C8EC-4E93-817E-05388D21273D} = {58FAA5A9-7CC6-4C8E-98D4-6E529660B856}
		{9CE079B0-9321-4CC5-90C8-73D577896074} = {58FAA5A9-7CC6-4C8E-98D4-6E529660B856}
		{32BE359F-31A2-4AA5-A002-1AEF8C4F8E54} = {77E1227D-C9F8-4BDA-A65D-C55D53820FE7}
		{738AE4EA-2814-42F6-9C38-6D4889E08B65} = {BB4F090F-B788-45C1-BA8C-73318084A4F7}
		{087A3BA4-34B7-4115-B11F-71587D967B8F} = {81AA7656-0781-44D1-A59F-CD21A5CB0322}
		{46B001F4-04F8-4E29-B71C-BF0CC8F948BB} = {58FAA5A9-7CC6-4C8E-98D4-6E529660B856}
		{66E43D14-3452-4A90-BCEB-DA5DE6846BC3} = {77E1227D-C9F8-4BDA-A65D-C55D53820FE7}
		{6EEC4A52-4B1E-4EFA-B9CB-8D02A40EDB77} = {77E1227D-C9F8-4BDA-A65D-C55D53820FE7}
		{FD995EFD-936B-4ED5-A740-1D92946F7B0C} = {77E1227D-C9F8-4BDA-A65D-C55D53820FE7}
		{CDF655CE-4EB8-432C-8194-3D9AF34F6E59} = {77E1227D-C9F8-4BDA-A65D-C55D53820FE7}
	EndGlobalSection
	GlobalSection(ExtensibilityGlobals) = postSolution
		SolutionGuid = {5C95606E-70CF-403E-8C2C-8E39F80E2815}
	EndGlobalSection
EndGlobal
